// !$*UTF8*$!
{
	archiveVersion = 1;
	classes = {
	};
	objectVersion = 46;
	objects = {

/* Begin PBXBuildFile section */
		74218FA61CF52A6A00627739 /* main.m in Sources */ = {isa = PBXBuildFile; fileRef = 74218FA51CF52A6A00627739 /* main.m */; };
		74218FA91CF52A6A00627739 /* AppDelegate.m in Sources */ = {isa = PBXBuildFile; fileRef = 74218FA81CF52A6A00627739 /* AppDelegate.m */; };
		74218FAC1CF52A6A00627739 /* ViewController.m in Sources */ = {isa = PBXBuildFile; fileRef = 74218FAB1CF52A6A00627739 /* ViewController.m */; };
		74218FAF1CF52A6A00627739 /* Main.storyboard in Resources */ = {isa = PBXBuildFile; fileRef = 74218FAD1CF52A6A00627739 /* Main.storyboard */; };
		74218FB11CF52A6A00627739 /* Assets.xcassets in Resources */ = {isa = PBXBuildFile; fileRef = 74218FB01CF52A6A00627739 /* Assets.xcassets */; };
		74218FB41CF52A6A00627739 /* LaunchScreen.storyboard in Resources */ = {isa = PBXBuildFile; fileRef = 74218FB21CF52A6A00627739 /* LaunchScreen.storyboard */; };
		74218FBD1CF52C6600627739 /* BaseView.m in Sources */ = {isa = PBXBuildFile; fileRef = 74218FBC1CF52C6600627739 /* BaseView.m */; };
		74218FC01CF52D1900627739 /* ShowImageCell.m in Sources */ = {isa = PBXBuildFile; fileRef = 74218FBF1CF52D1900627739 /* ShowImageCell.m */; };
		74218FC91CF52FA000627739 /* 0.jpg in Resources */ = {isa = PBXBuildFile; fileRef = 74218FC11CF52FA000627739 /* 0.jpg */; };
		74218FCA1CF52FA000627739 /* 1.jpg in Resources */ = {isa = PBXBuildFile; fileRef = 74218FC21CF52FA000627739 /* 1.jpg */; };
		74218FCB1CF52FA000627739 /* 2.jpg in Resources */ = {isa = PBXBuildFile; fileRef = 74218FC31CF52FA000627739 /* 2.jpg */; };
		74218FCC1CF52FA000627739 /* 3.jpg in Resources */ = {isa = PBXBuildFile; fileRef = 74218FC41CF52FA000627739 /* 3.jpg */; };
		74218FCD1CF52FA000627739 /* 4.jpg in Resources */ = {isa = PBXBuildFile; fileRef = 74218FC51CF52FA000627739 /* 4.jpg */; };
		74218FCE1CF52FA000627739 /* 6.jpg in Resources */ = {isa = PBXBuildFile; fileRef = 74218FC61CF52FA000627739 /* 6.jpg */; };
		74218FCF1CF52FA000627739 /* 7.jpg in Resources */ = {isa = PBXBuildFile; fileRef = 74218FC71CF52FA000627739 /* 7.jpg */; };
		74218FD01CF52FA000627739 /* 5.jpg in Resources */ = {isa = PBXBuildFile; fileRef = 74218FC81CF52FA000627739 /* 5.jpg */; };
/* End PBXBuildFile section */

/* Begin PBXFileReference section */
		74218FA11CF52A6A00627739 /* 无限循环滚动.app */ = {isa = PBXFileReference; explicitFileType = wrapper.application; includeInIndex = 0; path = "无限循环滚动.app"; sourceTree = BUILT_PRODUCTS_DIR; };
		74218FA51CF52A6A00627739 /* main.m */ = {isa = PBXFileReference; lastKnownFileType = sourcecode.c.objc; path = main.m; sourceTree = "<group>"; };
		74218FA71CF52A6A00627739 /* AppDelegate.h */ = {isa = PBXFileReference; lastKnownFileType = sourcecode.c.h; path = AppDelegate.h; sourceTree = "<group>"; };
		74218FA81CF52A6A00627739 /* AppDelegate.m */ = {isa = PBXFileReference; lastKnownFileType = sourcecode.c.objc; path = AppDelegate.m; sourceTree = "<group>"; };
		74218FAA1CF52A6A00627739 /* ViewController.h */ = {isa = PBXFileReference; lastKnownFileType = sourcecode.c.h; path = ViewController.h; sourceTree = "<group>"; };
		74218FAB1CF52A6A00627739 /* ViewController.m */ = {isa = PBXFileReference; lastKnownFileType = sourcecode.c.objc; path = ViewController.m; sourceTree = "<group>"; };
		74218FAE1CF52A6A00627739 /* Base */ = {isa = PBXFileReference; lastKnownFileType = file.storyboard; name = Base; path = Base.lproj/Main.storyboard; sourceTree = "<group>"; };
		74218FB01CF52A6A00627739 /* Assets.xcassets */ = {isa = PBXFileReference; lastKnownFileType = folder.assetcatalog; path = Assets.xcassets; sourceTree = "<group>"; };
		74218FB31CF52A6A00627739 /* Base */ = {isa = PBXFileReference; lastKnownFileType = file.storyboard; name = Base; path = Base.lproj/LaunchScreen.storyboard; sourceTree = "<group>"; };
		74218FB51CF52A6A00627739 /* Info.plist */ = {isa = PBXFileReference; lastKnownFileType = text.plist.xml; path = Info.plist; sourceTree = "<group>"; };
		74218FBB1CF52C6600627739 /* BaseView.h */ = {isa = PBXFileReference; fileEncoding = 4; lastKnownFileType = sourcecode.c.h; path = BaseView.h; sourceTree = "<group>"; };
		74218FBC1CF52C6600627739 /* BaseView.m */ = {isa = PBXFileReference; fileEncoding = 4; lastKnownFileType = sourcecode.c.objc; path = BaseView.m; sourceTree = "<group>"; };
		74218FBE1CF52D1900627739 /* ShowImageCell.h */ = {isa = PBXFileReference; fileEncoding = 4; lastKnownFileType = sourcecode.c.h; path = ShowImageCell.h; sourceTree = "<group>"; };
		74218FBF1CF52D1900627739 /* ShowImageCell.m */ = {isa = PBXFileReference; fileEncoding = 4; lastKnownFileType = sourcecode.c.objc; path = ShowImageCell.m; sourceTree = "<group>"; };
		74218FC11CF52FA000627739 /* 0.jpg */ = {isa = PBXFileReference; lastKnownFileType = image.jpeg; path = 0.jpg; sourceTree = "<group>"; };
		74218FC21CF52FA000627739 /* 1.jpg */ = {isa = PBXFileReference; lastKnownFileType = image.jpeg; path = 1.jpg; sourceTree = "<group>"; };
		74218FC31CF52FA000627739 /* 2.jpg */ = {isa = PBXFileReference; lastKnownFileType = image.jpeg; path = 2.jpg; sourceTree = "<group>"; };
		74218FC41CF52FA000627739 /* 3.jpg */ = {isa = PBXFileReference; lastKnownFileType = image.jpeg; path = 3.jpg; sourceTree = "<group>"; };
		74218FC51CF52FA000627739 /* 4.jpg */ = {isa = PBXFileReference; lastKnownFileType = image.jpeg; path = 4.jpg; sourceTree = "<group>"; };
		74218FC61CF52FA000627739 /* 6.jpg */ = {isa = PBXFileReference; lastKnownFileType = image.jpeg; path = 6.jpg; sourceTree = "<group>"; };
		74218FC71CF52FA000627739 /* 7.jpg */ = {isa = PBXFileReference; lastKnownFileType = image.jpeg; path = 7.jpg; sourceTree = "<group>"; };
		74218FC81CF52FA000627739 /* 5.jpg */ = {isa = PBXFileReference; lastKnownFileType = image.jpeg; path = 5.jpg; sourceTree = "<group>"; };
/* End PBXFileReference section */

/* Begin PBXFrameworksBuildPhase section */
		74218F9E1CF52A6A00627739 /* Frameworks */ = {
			isa = PBXFrameworksBuildPhase;
			buildActionMask = 2147483647;
			files = (
			);
			runOnlyForDeploymentPostprocessing = 0;
		};
/* End PBXFrameworksBuildPhase section */

/* Begin PBXGroup section */
		74218F981CF52A6A00627739 = {
			isa = PBXGroup;
			children = (
				74218FA31CF52A6A00627739 /* 无限循环滚动 */,
				74218FA21CF52A6A00627739 /* Products */,
			);
			sourceTree = "<group>";
		};
		74218FA21CF52A6A00627739 /* Products */ = {
			isa = PBXGroup;
			children = (
				74218FA11CF52A6A00627739 /* 无限循环滚动.app */,
			);
			name = Products;
			sourceTree = "<group>";
		};
		74218FA31CF52A6A00627739 /* 无限循环滚动 */ = {
			isa = PBXGroup;
			children = (
				74218FC11CF52FA000627739 /* 0.jpg */,
				74218FC21CF52FA000627739 /* 1.jpg */,
				74218FC31CF52FA000627739 /* 2.jpg */,
				74218FC41CF52FA000627739 /* 3.jpg */,
				74218FC51CF52FA000627739 /* 4.jpg */,
				74218FC61CF52FA000627739 /* 6.jpg */,
				74218FC71CF52FA000627739 /* 7.jpg */,
				74218FC81CF52FA000627739 /* 5.jpg */,
				74218FA71CF52A6A00627739 /* AppDelegate.h */,
				74218FA81CF52A6A00627739 /* AppDelegate.m */,
				74218FAA1CF52A6A00627739 /* ViewController.h */,
				74218FAB1CF52A6A00627739 /* ViewController.m */,
				74218FBB1CF52C6600627739 /* BaseView.h */,
				74218FBC1CF52C6600627739 /* BaseView.m */,
				74218FBE1CF52D1900627739 /* ShowImageCell.h */,
				74218FBF1CF52D1900627739 /* ShowImageCell.m */,
				74218FAD1CF52A6A00627739 /* Main.storyboard */,
				74218FB01CF52A6A00627739 /* Assets.xcassets */,
				74218FB21CF52A6A00627739 /* LaunchScreen.storyboard */,
				74218FB51CF52A6A00627739 /* Info.plist */,
				74218FA41CF52A6A00627739 /* Supporting Files */,
			);
			path = "无限循环滚动";
			sourceTree = "<group>";
		};
		74218FA41CF52A6A00627739 /* Supporting Files */ = {
			isa = PBXGroup;
			children = (
				74218FA51CF52A6A00627739 /* main.m */,
			);
			name = "Supporting Files";
			sourceTree = "<group>";
		};
/* End PBXGroup section */

/* Begin PBXNativeTarget section */
		74218FA01CF52A6A00627739 /* 无限循环滚动 */ = {
			isa = PBXNativeTarget;
			buildConfigurationList = 74218FB81CF52A6A00627739 /* Build configuration list for PBXNativeTarget "无限循环滚动" */;
			buildPhases = (
				74218F9D1CF52A6A00627739 /* Sources */,
				74218F9E1CF52A6A00627739 /* Frameworks */,
				74218F9F1CF52A6A00627739 /* Resources */,
			);
			buildRules = (
			);
			dependencies = (
			);
			name = "无限循环滚动";
			productName = "无限循环滚动";
			productReference = 74218FA11CF52A6A00627739 /* 无限循环滚动.app */;
			productType = "com.apple.product-type.application";
		};
/* End PBXNativeTarget section */

/* Begin PBXProject section */
		74218F991CF52A6A00627739 /* Project object */ = {
			isa = PBXProject;
			attributes = {
				LastUpgradeCheck = 0730;
				ORGANIZATIONNAME = hoge;
				TargetAttributes = {
					74218FA01CF52A6A00627739 = {
						CreatedOnToolsVersion = 7.3;
					};
				};
			};
			buildConfigurationList = 74218F9C1CF52A6A00627739 /* Build configuration list for PBXProject "无限循环滚动" */;
			compatibilityVersion = "Xcode 3.2";
			developmentRegion = English;
			hasScannedForEncodings = 0;
			knownRegions = (
				en,
				Base,
			);
			mainGroup = 74218F981CF52A6A00627739;
			productRefGroup = 74218FA21CF52A6A00627739 /* Products */;
			projectDirPath = "";
			projectRoot = "";
			targets = (
				74218FA01CF52A6A00627739 /* 无限循环滚动 */,
			);
		};
/* End PBXProject section */

/* Begin PBXResourcesBuildPhase section */
		74218F9F1CF52A6A00627739 /* Resources */ = {
			isa = PBXResourcesBuildPhase;
			buildActionMask = 2147483647;
			files = (
				74218FD01CF52FA000627739 /* 5.jpg in Resources */,
				74218FCE1CF52FA000627739 /* 6.jpg in Resources */,
				74218FCB1CF52FA000627739 /* 2.jpg in Resources */,
				74218FC91CF52FA000627739 /* 0.jpg in Resources */,
				74218FB41CF52A6A00627739 /* LaunchScreen.storyboard in Resources */,
				74218FB11CF52A6A00627739 /* Assets.xcassets in Resources */,
				74218FCD1CF52FA000627739 /* 4.jpg in Resources */,
				74218FAF1CF52A6A00627739 /* Main.storyboard in Resources */,
				74218FCF1CF52FA000627739 /* 7.jpg in Resources */,
				74218FCC1CF52FA000627739 /* 3.jpg in Resources */,
				74218FCA1CF52FA000627739 /* 1.jpg in Resources */,
			);
			runOnlyForDeploymentPostprocessing = 0;
		};
/* End PBXResourcesBuildPhase section */

/* Begin PBXSourcesBuildPhase section */
		74218F9D1CF52A6A00627739 /* Sources */ = {
			isa = PBXSourcesBuildPhase;
			buildActionMask = 2147483647;
			files = (
				74218FAC1CF52A6A00627739 /* ViewController.m in Sources */,
				74218FA91CF52A6A00627739 /* AppDelegate.m in Sources */,
				74218FA61CF52A6A00627739 /* main.m in Sources */,
				74218FC01CF52D1900627739 /* ShowImageCell.m in Sources */,
				74218FBD1CF52C6600627739 /* BaseView.m in Sources */,
			);
			runOnlyForDeploymentPostprocessing = 0;
		};
/* End PBXSourcesBuildPhase section */

/* Begin PBXVariantGroup section */
		74218FAD1CF52A6A00627739 /* Main.storyboard */ = {
			isa = PBXVariantGroup;
			children = (
				74218FAE1CF52A6A00627739 /* Base */,
			);
			name = Main.storyboard;
			sourceTree = "<group>";
		};
		74218FB21CF52A6A00627739 /* LaunchScreen.storyboard */ = {
			isa = PBXVariantGroup;
			children = (
				74218FB31CF52A6A00627739 /* Base */,
			);
			name = LaunchScreen.storyboard;
			sourceTree = "<group>";
		};
/* End PBXVariantGroup section */

/* Begin XCBuildConfiguration section */
		74218FB61CF52A6A00627739 /* Debug */ = {
			isa = XCBuildConfiguration;
			buildSettings = {
				ALWAYS_SEARCH_USER_PATHS = NO;
				CLANG_ANALYZER_NONNULL = YES;
				CLANG_CXX_LANGUAGE_STANDARD = "gnu++0x";
				CLANG_CXX_LIBRARY = "libc++";
				CLANG_ENABLE_MODULES = YES;
				CLANG_ENABLE_OBJC_ARC = YES;
				CLANG_WARN_BOOL_CONVERSION = YES;
				CLANG_WARN_CONSTANT_CONVERSION = YES;
				CLANG_WARN_DIRECT_OBJC_ISA_USAGE = YES_ERROR;
				CLANG_WARN_EMPTY_BODY = YES;
				CLANG_WARN_ENUM_CONVERSION = YES;
				CLANG_WARN_INT_CONVERSION = YES;
				CLANG_WARN_OBJC_ROOT_CLASS = YES_ERROR;
				CLANG_WARN_UNREACHABLE_CODE = YES;
				CLANG_WARN__DUPLICATE_METHOD_MATCH = YES;
				"CODE_SIGN_IDENTITY[sdk=iphoneos*]" = "iPhone Developer";
				COPY_PHASE_STRIP = NO;
				DEBUG_INFORMATION_FORMAT = dwarf;
				ENABLE_STRICT_OBJC_MSGSEND = YES;
				ENABLE_TESTABILITY = YES;
				GCC_C_LANGUAGE_STANDARD = gnu99;
				GCC_DYNAMIC_NO_PIC = NO;
				GCC_NO_COMMON_BLOCKS = YES;
				GCC_OPTIMIZATION_LEVEL = 0;
				GCC_PREPROCESSOR_DEFINITIONS = (
					"DEBUG=1",
					"$(inherited)",
				);
				GCC_WARN_64_TO_32_BIT_CONVERSION = YES;
				GCC_WARN_ABOUT_RETURN_TYPE = YES_ERROR;
				GCC_WARN_UNDECLARED_SELECTOR = YES;
				GCC_WARN_UNINITIALIZED_AUTOS = YES_AGGRESSIVE;
				GCC_WARN_UNUSED_FUNCTION = YES;
				GCC_WARN_UNUSED_VARIABLE = YES;
				IPHONEOS_DEPLOYMENT_TARGET = 9.3;
				MTL_ENABLE_DEBUG_INFO = YES;
				ONLY_ACTIVE_ARCH = YES;
				SDKROOT = iphoneos;
				TARGETED_DEVICE_FAMILY = "1,2";
			};
			name = Debug;
		};
		74218FB71CF52A6A00627739 /* Release */ = {
			isa = XCBuildConfiguration;
			buildSettings = {
				ALWAYS_SEARCH_USER_PATHS = NO;
				CLANG_ANALYZER_NONNULL = YES;
				CLANG_CXX_LANGUAGE_STANDARD = "gnu++0x";
				CLANG_CXX_LIBRARY = "libc++";
				CLANG_ENABLE_MODULES = YES;
				CLANG_ENABLE_OBJC_ARC = YES;
				CLANG_WARN_BOOL_CONVERSION = YES;
				CLANG_WARN_CONSTANT_CONVERSION = YES;
				CLANG_WARN_DIRECT_OBJC_ISA_USAGE = YES_ERROR;
				CLANG_WARN_EMPTY_BODY = YES;
				CLANG_WARN_ENUM_CONVERSION = YES;
				CLANG_WARN_INT_CONVERSION = YES;
				CLANG_WARN_OBJC_ROOT_CLASS = YES_ERROR;
				CLANG_WARN_UNREACHABLE_CODE = YES;
				CLANG_WARN__DUPLICATE_METHOD_MATCH = YES;
				"CODE_SIGN_IDENTITY[sdk=iphoneos*]" = "iPhone Developer";
				COPY_PHASE_STRIP = NO;
				DEBUG_INFORMATION_FORMAT = "dwarf-with-dsym";
				ENABLE_NS_ASSERTIONS = NO;
				ENABLE_STRICT_OBJC_MSGSEND = YES;
				GCC_C_LANGUAGE_STANDARD = gnu99;
				GCC_NO_COMMON_BLOCKS = YES;
				GCC_WARN_64_TO_32_BIT_CONVERSION = YES;
				GCC_WARN_ABOUT_RETURN_TYPE = YES_ERROR;
				GCC_WARN_UNDECLARED_SELECTOR = YES;
				GCC_WARN_UNINITIALIZED_AUTOS = YES_AGGRESSIVE;
				GCC_WARN_UNUSED_FUNCTION = YES;
				GCC_WARN_UNUSED_VARIABLE = YES;
				IPHONEOS_DEPLOYMENT_TARGET = 9.3;
				MTL_ENABLE_DEBUG_INFO = NO;
				SDKROOT = iphoneos;
				TARGETED_DEVICE_FAMILY = "1,2";
				VALIDATE_PRODUCT = YES;
			};
			name = Release;
		};
		74218FB91CF52A6A00627739 /* Debug */ = {
			isa = XCBuildConfiguration;
			buildSettings = {
				ASSETCATALOG_COMPILER_APPICON_NAME = AppIcon;
				INFOPLIST_FILE = "无限循环滚动/Info.plist";
				LD_RUNPATH_SEARCH_PATHS = "$(inherited) @executable_path/Frameworks";
				PRODUCT_BUNDLE_IDENTIFIER = "hoge.com.------";
				PRODUCT_NAME = "$(TARGET_NAME)";
			};
			name = Debug;
		};
		74218FBA1CF52A6A00627739 /* Release */ = {
			isa = XCBuildConfiguration;
			buildSettings = {
				ASSETCATALOG_COMPILER_APPICON_NAME = AppIcon;
				INFOPLIST_FILE = "无限循环滚动/Info.plist";
				LD_RUNPATH_SEARCH_PATHS = "$(inherited) @executable_path/Frameworks";
				PRODUCT_BUNDLE_IDENTIFIER = "hoge.com.------";
				PRODUCT_NAME = "$(TARGET_NAME)";
			};
			name = Release;
		};
/* End XCBuildConfiguration section */

/* Begin XCConfigurationList section */
		74218F9C1CF52A6A00627739 /* Build configuration list for PBXProject "无限循环滚动" */ = {
			isa = XCConfigurationList;
			buildConfigurations = (
				74218FB61CF52A6A00627739 /* Debug */,
				74218FB71CF52A6A00627739 /* Release */,
			);
			defaultConfigurationIsVisible = 0;
			defaultConfigurationName = Release;
		};
		74218FB81CF52A6A00627739 /* Build configuration list for PBXNativeTarget "无限循环滚动" */ = {
			isa = XCConfigurationList;
			buildConfigurations = (
				74218FB91CF52A6A00627739 /* Debug */,
				74218FBA1CF52A6A00627739 /* Release */,
			);
			defaultConfigurationIsVisible = 0;
		};
/* End XCConfigurationList section */
	};
	rootObject = 74218F991CF52A6A00627739 /* Project object */;
}
